
Microsoft Visual Studio Solution File, Format Version 12.00
# Visual Studio 15
VisualStudioVersion = 15.0.27428.2037
MinimumVisualStudioVersion = 10.0.40219.1
Project("{9A19103F-16F7-4668-BE54-9A1E7A4F7556}") = "DutchTreat", "DutchTreat.csproj", "{9C630956-4669-4551-9293-AAB02DC5A8FF}"
EndProject
Global
	GlobalSection(SolutionConfigurationPlatforms) = preSolution
		Debug|Any CPU = Debug|Any CPU
		Release|Any CPU = Release|Any CPU
	EndGlobalSection
	GlobalSection(ProjectConfigurationPlatforms) = postSolution
		{9C630956-4669-4551-9293-AAB02DC5A8FF}.Debug|Any CPU.ActiveCfg = Debug|Any CPU
		{9C630956-4669-4551-9293-AAB02DC5A8FF}.Debug|Any CPU.Build.0 = Debug|Any CPU
		{9C630956-4669-4551-9293-AAB02DC5A8FF}.Release|Any CPU.ActiveCfg = Release|Any CPU
		{9C630956-4669-4551-9293-AAB02DC5A8FF}.Release|Any CPU.Build.0 = Release|Any CPU
	EndGlobalSection
	GlobalSection(SolutionProperties) = preSolution
		HideSolutionNode = FALSE
	EndGlobalSection
	GlobalSection(ExtensibilityGlobals) = postSolution
		SolutionGuid = {403B0933-EF14-4C90-8A95-0A076AD024AB}
	EndGlobalSection
EndGlobal
