
Microsoft Visual Studio Solution File, Format Version 12.00
# Visual Studio 15
VisualStudioVersion = 15.0.27428.2037
MinimumVisualStudioVersion = 10.0.40219.1
Project("{FAE04EC0-301F-11D3-BF4B-00C04F79EFBC}") = "DutchTreat", "DutchTreat\DutchTreat.csproj", "{269516CF-EAC2-4E9A-9976-76A35CFC8D23}"
EndProject
Global
	GlobalSection(SolutionConfigurationPlatforms) = preSolution
		Debug|Any CPU = Debug|Any CPU
		Release|Any CPU = Release|Any CPU
	EndGlobalSection
	GlobalSection(ProjectConfigurationPlatforms) = postSolution
		{269516CF-EAC2-4E9A-9976-76A35CFC8D23}.Debug|Any CPU.ActiveCfg = Debug|Any CPU
		{269516CF-EAC2-4E9A-9976-76A35CFC8D23}.Debug|Any CPU.Build.0 = Debug|Any CPU
		{269516CF-EAC2-4E9A-9976-76A35CFC8D23}.Release|Any CPU.ActiveCfg = Release|Any CPU
		{269516CF-EAC2-4E9A-9976-76A35CFC8D23}.Release|Any CPU.Build.0 = Release|Any CPU
	EndGlobalSection
	GlobalSection(SolutionProperties) = preSolution
		HideSolutionNode = FALSE
	EndGlobalSection
	GlobalSection(ExtensibilityGlobals) = postSolution
		SolutionGuid = {74102107-F7A1-413E-8845-2A9E46FF0B94}
	EndGlobalSection
EndGlobal
